
Microsoft Visual Studio Solution File, Format Version 12.00
# Visual Studio Version 17
VisualStudioVersion = 17.3.32825.248
MinimumVisualStudioVersion = 10.0.40219.1
Project("{9A19103F-16F7-4668-BE54-9A1E7A4F7556}") = "Microservice.Api", "Microservice.Api\Microservice.Api.csproj", "{0F354166-C1FD-450C-80BE-DD2691052EC3}"
EndProject
Project("{FAE04EC0-301F-11D3-BF4B-00C04F79EFBC}") = "Microservice.Interface", "Microservice.Interface\Microservice.Interface.csproj", "{EE9B7F92-0D17-4DA8-9423-A6AAE619740E}"
EndProject
Global
	GlobalSection(SolutionConfigurationPlatforms) = preSolution
		Debug|Any CPU = Debug|Any CPU
		Release|Any CPU = Release|Any CPU
	EndGlobalSection
	GlobalSection(ProjectConfigurationPlatforms) = postSolution
		{0F354166-C1FD-450C-80BE-DD2691052EC3}.Debug|Any CPU.ActiveCfg = Debug|Any CPU
		{0F354166-C1FD-450C-80BE-DD2691052EC3}.Debug|Any CPU.Build.0 = Debug|Any CPU
		{0F354166-C1FD-450C-80BE-DD2691052EC3}.Release|Any CPU.ActiveCfg = Release|Any CPU
		{0F354166-C1FD-450C-80BE-DD2691052EC3}.Release|Any CPU.Build.0 = Release|Any CPU
		{EE9B7F92-0D17-4DA8-9423-A6AAE619740E}.Debug|Any CPU.ActiveCfg = Debug|Any CPU
		{EE9B7F92-0D17-4DA8-9423-A6AAE619740E}.Debug|Any CPU.Build.0 = Debug|Any CPU
		{EE9B7F92-0D17-4DA8-9423-A6AAE619740E}.Release|Any CPU.ActiveCfg = Release|Any CPU
		{EE9B7F92-0D17-4DA8-9423-A6AAE619740E}.Release|Any CPU.Build.0 = Release|Any CPU
	EndGlobalSection
	GlobalSection(SolutionProperties) = preSolution
		HideSolutionNode = FALSE
	EndGlobalSection
	GlobalSection(ExtensibilityGlobals) = postSolution
		SolutionGuid = {812B57ED-2752-4325-9879-4C9E6FB6C9C7}
	EndGlobalSection
EndGlobal
